
Microsoft Visual Studio Solution File, Format Version 12.00
# Visual Studio Version 16
VisualStudioVersion = 16.0.28407.52
MinimumVisualStudioVersion = 10.0.40219.1
Project("{FAE04EC0-301F-11D3-BF4B-00C04F79EFBC}") = "Web", "Web\Web.csproj", "{587AE71F-948F-467D-981B-35779B9FECBA}"
EndProject
Global
	GlobalSection(SolutionConfigurationPlatforms) = preSolution
		Debug|Any CPU = Debug|Any CPU
		Release|Any CPU = Release|Any CPU
	EndGlobalSection
	GlobalSection(ProjectConfigurationPlatforms) = postSolution
		{587AE71F-948F-467D-981B-35779B9FECBA}.Debug|Any CPU.ActiveCfg = Debug|Any CPU
		{587AE71F-948F-467D-981B-35779B9FECBA}.Debug|Any CPU.Build.0 = Debug|Any CPU
		{587AE71F-948F-467D-981B-35779B9FECBA}.Release|Any CPU.ActiveCfg = Release|Any CPU
		{587AE71F-948F-467D-981B-35779B9FECBA}.Release|Any CPU.Build.0 = Release|Any CPU
	EndGlobalSection
	GlobalSection(SolutionProperties) = preSolution
		HideSolutionNode = FALSE
	EndGlobalSection
	GlobalSection(ExtensibilityGlobals) = postSolution
		SolutionGuid = {F480FF4E-8665-4B38-A83C-D152683ACC55}
	EndGlobalSection
EndGlobal
